// !$*UTF8*$!
{
	archiveVersion = 1;
	classes = {
	};
	objectVersion = 46;
	objects = {

/* Begin PBXBuildFile section */
		430026571EEEAE5700A5B0B8 /* CalendarFooterCollectionReusableView.swift in Sources */ = {isa = PBXBuildFile; fileRef = 430026561EEEAE5700A5B0B8 /* CalendarFooterCollectionReusableView.swift */; };
		430D88561F288525008F3E7C /* CalendarEventSection.swift in Sources */ = {isa = PBXBuildFile; fileRef = 430D88551F288525008F3E7C /* CalendarEventSection.swift */; };
		432C1AF91EEFCC850043FA36 /* EventOrganizer.swift in Sources */ = {isa = PBXBuildFile; fileRef = 432C1AF81EEFCC850043FA36 /* EventOrganizer.swift */; };
		4351A3E01ED431B900B18D9B /* ShopDetailViewModel.swift in Sources */ = {isa = PBXBuildFile; fileRef = 4351A3DF1ED431B900B18D9B /* ShopDetailViewModel.swift */; };
		4352956C1ECB0D8F0017FB9E /* EventDetailViewController.swift in Sources */ = {isa = PBXBuildFile; fileRef = 4352956B1ECB0D8F0017FB9E /* EventDetailViewController.swift */; };
		4352956E1ECB14710017FB9E /* Colors.swift in Sources */ = {isa = PBXBuildFile; fileRef = 4352956D1ECB14710017FB9E /* Colors.swift */; };
		435295711ECB311C0017FB9E /* CustomAnnotation.swift in Sources */ = {isa = PBXBuildFile; fileRef = 435295701ECB311C0017FB9E /* CustomAnnotation.swift */; };
		4364A8171F260E4C0005607C /* EventsContainerCollectionViewCell.swift in Sources */ = {isa = PBXBuildFile; fileRef = 4364A8161F260E4C0005607C /* EventsContainerCollectionViewCell.swift */; };
		437CA31F1ECF237C001EE22C /* KeyboardViewController.swift in Sources */ = {isa = PBXBuildFile; fileRef = 437CA31E1ECF237C001EE22C /* KeyboardViewController.swift */; };
		439DF4E11ED6DBA10089F00B /* ShopPhotoCollectionViewCell.swift in Sources */ = {isa = PBXBuildFile; fileRef = 439DF4E01ED6DBA10089F00B /* ShopPhotoCollectionViewCell.swift */; };
		43F0A9E51EFABD440029922E /* ShopSearchViewController.swift in Sources */ = {isa = PBXBuildFile; fileRef = 43F0A9E41EFABD440029922E /* ShopSearchViewController.swift */; };
		43F0A9E71EFABD640029922E /* ShopSearchViewModel.swift in Sources */ = {isa = PBXBuildFile; fileRef = 43F0A9E61EFABD640029922E /* ShopSearchViewModel.swift */; };
		470551241EC6F9690016E366 /* CalendarViewController.swift in Sources */ = {isa = PBXBuildFile; fileRef = 470551231EC6F9690016E366 /* CalendarViewController.swift */; };
		470551261EC704170016E366 /* CalendarEvent.swift in Sources */ = {isa = PBXBuildFile; fileRef = 470551251EC704170016E366 /* CalendarEvent.swift */; };
		470551281EC704950016E366 /* CalendarViewModel.swift in Sources */ = {isa = PBXBuildFile; fileRef = 470551271EC704950016E366 /* CalendarViewModel.swift */; };
		4705512A1EC7067A0016E366 /* DayCollectionViewCell.swift in Sources */ = {isa = PBXBuildFile; fileRef = 470551291EC7067A0016E366 /* DayCollectionViewCell.swift */; };
		4705512C1EC717E70016E366 /* NewsStub.swift in Sources */ = {isa = PBXBuildFile; fileRef = 4705512B1EC717E70016E366 /* NewsStub.swift */; };
		4705512E1EC74BDA0016E366 /* Day.swift in Sources */ = {isa = PBXBuildFile; fileRef = 4705512D1EC74BDA0016E366 /* Day.swift */; };
		470551301EC751ED0016E366 /* Commons.swift in Sources */ = {isa = PBXBuildFile; fileRef = 4705512F1EC751ED0016E366 /* Commons.swift */; };
		470F48B31F45CBFC00C084F3 /* TopShopCollectionViewCell.swift in Sources */ = {isa = PBXBuildFile; fileRef = 470F48B21F45CBFC00C084F3 /* TopShopCollectionViewCell.swift */; };
		470F48B51F45D57C00C084F3 /* ShopsViewController.swift in Sources */ = {isa = PBXBuildFile; fileRef = 470F48B41F45D57C00C084F3 /* ShopsViewController.swift */; };
		471335FD1EF3205C00A51635 /* NotificationHeaderTableViewCell.swift in Sources */ = {isa = PBXBuildFile; fileRef = 471335FC1EF3205C00A51635 /* NotificationHeaderTableViewCell.swift */; };
		4717D0791F1BA63D00D24539 /* CorneredImageView.swift in Sources */ = {isa = PBXBuildFile; fileRef = 4717D0781F1BA63D00D24539 /* CorneredImageView.swift */; };
		4717D07B1F1BAEEA00D24539 /* NewsTitleTableViewCell.swift in Sources */ = {isa = PBXBuildFile; fileRef = 4717D07A1F1BAEEA00D24539 /* NewsTitleTableViewCell.swift */; };
		4717D07D1F1BE21D00D24539 /* NewsProvider.swift in Sources */ = {isa = PBXBuildFile; fileRef = 4717D07C1F1BE21D00D24539 /* NewsProvider.swift */; };
		4717D0801F1BE26000D24539 /* NewsSection.swift in Sources */ = {isa = PBXBuildFile; fileRef = 4717D07F1F1BE26000D24539 /* NewsSection.swift */; };
		471D89EA1EED76200003D1E5 /* WeatherView.xib in Resources */ = {isa = PBXBuildFile; fileRef = 471D89E91EED76200003D1E5 /* WeatherView.xib */; };
		471D89EC1EED768F0003D1E5 /* WeatherView.swift in Sources */ = {isa = PBXBuildFile; fileRef = 471D89EB1EED768F0003D1E5 /* WeatherView.swift */; };
		471D89EE1EED76AE0003D1E5 /* WeatherColors.swift in Sources */ = {isa = PBXBuildFile; fileRef = 471D89ED1EED76AE0003D1E5 /* WeatherColors.swift */; };
		471D89F01EED7ACA0003D1E5 /* Weather.swift in Sources */ = {isa = PBXBuildFile; fileRef = 471D89EF1EED7ACA0003D1E5 /* Weather.swift */; };
		471DACDE1ED233250090C6CD /* PromotedShopCollectionViewCell.swift in Sources */ = {isa = PBXBuildFile; fileRef = 471DACDD1ED233250090C6CD /* PromotedShopCollectionViewCell.swift */; };
		4721F2FD1EC8A7F700E2CEE4 /* CalendarEventsManager.swift in Sources */ = {isa = PBXBuildFile; fileRef = 4721F2FC1EC8A7F700E2CEE4 /* CalendarEventsManager.swift */; };
		4733FBAD1EE89FDA00EE7E55 /* ShadowView.swift in Sources */ = {isa = PBXBuildFile; fileRef = 4733FBAC1EE89FDA00EE7E55 /* ShadowView.swift */; };
		473EE0191ED057CC006AAC71 /* ShopDetailViewController.swift in Sources */ = {isa = PBXBuildFile; fileRef = 473EE0181ED057CC006AAC71 /* ShopDetailViewController.swift */; };
		473F514A1ED9991F00008FAC /* Address.swift in Sources */ = {isa = PBXBuildFile; fileRef = 473F51491ED9991F00008FAC /* Address.swift */; };
		47416A101ED74AE100497A09 /* MapViewController.swift in Sources */ = {isa = PBXBuildFile; fileRef = 47416A0F1ED74AE100497A09 /* MapViewController.swift */; };
		474E746D1F499932006031AF /* DayCellView.xib in Resources */ = {isa = PBXBuildFile; fileRef = 474E746C1F499932006031AF /* DayCellView.xib */; };
		474E74701F499A25006031AF /* DayCellView.swift in Sources */ = {isa = PBXBuildFile; fileRef = 474E746F1F499A25006031AF /* DayCellView.swift */; };
		474E74721F499DDB006031AF /* DayRowView.xib in Resources */ = {isa = PBXBuildFile; fileRef = 474E74711F499DDB006031AF /* DayRowView.xib */; };
		474E74741F499DEB006031AF /* DayRowView.swift in Sources */ = {isa = PBXBuildFile; fileRef = 474E74731F499DEB006031AF /* DayRowView.swift */; };
		474E74761F49AD92006031AF /* NewCalendarViewController.swift in Sources */ = {isa = PBXBuildFile; fileRef = 474E74751F49AD92006031AF /* NewCalendarViewController.swift */; };
		47594F3F1EFE7258000B122F /* ArrayParser.swift in Sources */ = {isa = PBXBuildFile; fileRef = 47594F3E1EFE7258000B122F /* ArrayParser.swift */; };
		475CD2C01EDB035C006EAA4B /* CustomButton.swift in Sources */ = {isa = PBXBuildFile; fileRef = 475CD2BF1EDB035C006EAA4B /* CustomButton.swift */; };
		478846691EED5A7E0027E12E /* CardView.swift in Sources */ = {isa = PBXBuildFile; fileRef = 478846681EED5A7E0027E12E /* CardView.swift */; };
		479315D91EC5FDED00845C6C /* AppDelegate.swift in Sources */ = {isa = PBXBuildFile; fileRef = 479315D81EC5FDED00845C6C /* AppDelegate.swift */; };
		479315DE1EC5FDED00845C6C /* Main.storyboard in Resources */ = {isa = PBXBuildFile; fileRef = 479315DC1EC5FDED00845C6C /* Main.storyboard */; };
		479315E01EC5FDED00845C6C /* Assets.xcassets in Resources */ = {isa = PBXBuildFile; fileRef = 479315DF1EC5FDED00845C6C /* Assets.xcassets */; };
		479315E31EC5FDED00845C6C /* LaunchScreen.storyboard in Resources */ = {isa = PBXBuildFile; fileRef = 479315E11EC5FDED00845C6C /* LaunchScreen.storyboard */; };
		479315EE1EC5FDED00845C6C /* BergaAppTests.swift in Sources */ = {isa = PBXBuildFile; fileRef = 479315ED1EC5FDED00845C6C /* BergaAppTests.swift */; };
		479315F91EC5FDED00845C6C /* BergaAppUITests.swift in Sources */ = {isa = PBXBuildFile; fileRef = 479315F81EC5FDED00845C6C /* BergaAppUITests.swift */; };
		479316071EC5FE2800845C6C /* NewsViewController.swift in Sources */ = {isa = PBXBuildFile; fileRef = 479316061EC5FE2800845C6C /* NewsViewController.swift */; };
		4793160A1EC603C800845C6C /* Alamofire.framework in Frameworks */ = {isa = PBXBuildFile; fileRef = 479316091EC603C800845C6C /* Alamofire.framework */; };
		4793160C1EC603D200845C6C /* Kingfisher.framework in Frameworks */ = {isa = PBXBuildFile; fileRef = 4793160B1EC603D200845C6C /* Kingfisher.framework */; };
		4793160E1EC603D700845C6C /* RxAlamofire.framework in Frameworks */ = {isa = PBXBuildFile; fileRef = 4793160D1EC603D700845C6C /* RxAlamofire.framework */; };
		479316101EC603E500845C6C /* RxCocoa.framework in Frameworks */ = {isa = PBXBuildFile; fileRef = 4793160F1EC603E500845C6C /* RxCocoa.framework */; };
		479316121EC603EB00845C6C /* RxSwift.framework in Frameworks */ = {isa = PBXBuildFile; fileRef = 479316111EC603EB00845C6C /* RxSwift.framework */; };
		479316141EC603F400845C6C /* SwiftyJSON.framework in Frameworks */ = {isa = PBXBuildFile; fileRef = 479316131EC603F400845C6C /* SwiftyJSON.framework */; };
		479316181EC605C400845C6C /* NewsViewModel.swift in Sources */ = {isa = PBXBuildFile; fileRef = 479316171EC605C400845C6C /* NewsViewModel.swift */; };
		4793161A1EC605E000845C6C /* News.swift in Sources */ = {isa = PBXBuildFile; fileRef = 479316191EC605E000845C6C /* News.swift */; };
		4793161E1EC6080F00845C6C /* NewsTableViewCell.swift in Sources */ = {isa = PBXBuildFile; fileRef = 4793161D1EC6080F00845C6C /* NewsTableViewCell.swift */; };
		479316201EC60B7400845C6C /* Media.xcassets in Resources */ = {isa = PBXBuildFile; fileRef = 4793161F1EC60B7400845C6C /* Media.xcassets */; };
		479FFBA11ECE407300BA8106 /* ShopListViewController.swift in Sources */ = {isa = PBXBuildFile; fileRef = 479FFBA01ECE407300BA8106 /* ShopListViewController.swift */; };
		479FFBA31ECE40E100BA8106 /* ShopListViewModel.swift in Sources */ = {isa = PBXBuildFile; fileRef = 479FFBA21ECE40E100BA8106 /* ShopListViewModel.swift */; };
		479FFBA51ECE415000BA8106 /* Shop.swift in Sources */ = {isa = PBXBuildFile; fileRef = 479FFBA41ECE415000BA8106 /* Shop.swift */; };
		479FFBA71ECE425600BA8106 /* ShopStub.swift in Sources */ = {isa = PBXBuildFile; fileRef = 479FFBA61ECE425600BA8106 /* ShopStub.swift */; };
		479FFBA91ECE443E00BA8106 /* ShopCollectionViewCell.swift in Sources */ = {isa = PBXBuildFile; fileRef = 479FFBA81ECE443E00BA8106 /* ShopCollectionViewCell.swift */; };
		47A4A41F1ED35656007D01DF /* SectionHeaderCollectionReusableView.swift in Sources */ = {isa = PBXBuildFile; fileRef = 47A4A41E1ED35656007D01DF /* SectionHeaderCollectionReusableView.swift */; };
		47A9C8AF1EC87F6800CA173E /* CalendarEventStub.swift in Sources */ = {isa = PBXBuildFile; fileRef = 47A9C8AE1EC87F6800CA173E /* CalendarEventStub.swift */; };
		47A9C8B11EC8827B00CA173E /* CalendarModelType.swift in Sources */ = {isa = PBXBuildFile; fileRef = 47A9C8B01EC8827B00CA173E /* CalendarModelType.swift */; };
		47A9C8B31EC882E200CA173E /* RxDataSources.framework in Frameworks */ = {isa = PBXBuildFile; fileRef = 47A9C8B21EC882E200CA173E /* RxDataSources.framework */; };
		47A9C8B51EC890E300CA173E /* MonthDaysGenerator.swift in Sources */ = {isa = PBXBuildFile; fileRef = 47A9C8B41EC890E300CA173E /* MonthDaysGenerator.swift */; };
		47A9C8B71EC898B700CA173E /* EventCollectionViewCell.swift in Sources */ = {isa = PBXBuildFile; fileRef = 47A9C8B61EC898B700CA173E /* EventCollectionViewCell.swift */; };
		47BEE62F1F45915C00D4B947 /* ImageDisplayViewController.swift in Sources */ = {isa = PBXBuildFile; fileRef = 47BEE62E1F45915C00D4B947 /* ImageDisplayViewController.swift */; };
		47C9422A1EC65B8400B3F617 /* CustomView.swift in Sources */ = {isa = PBXBuildFile; fileRef = 47C942291EC65B8400B3F617 /* CustomView.swift */; };
		47C9422C1EC65B9800B3F617 /* IconImage.swift in Sources */ = {isa = PBXBuildFile; fileRef = 47C9422B1EC65B9800B3F617 /* IconImage.swift */; };
		47CBCE0D1F2364CD004E752F /* MonthHeaderCollectionReusableView.swift in Sources */ = {isa = PBXBuildFile; fileRef = 47CBCE0C1F2364CD004E752F /* MonthHeaderCollectionReusableView.swift */; };
		47CF167E1ED5ED60008D3E3F /* ShopInfoViewController.swift in Sources */ = {isa = PBXBuildFile; fileRef = 47CF167D1ED5ED60008D3E3F /* ShopInfoViewController.swift */; };
		47CF16801ED5ED72008D3E3F /* ShopNotificationsViewController.swift in Sources */ = {isa = PBXBuildFile; fileRef = 47CF167F1ED5ED72008D3E3F /* ShopNotificationsViewController.swift */; };
		47CF16821ED5F9B9008D3E3F /* NotificationTableViewCell.swift in Sources */ = {isa = PBXBuildFile; fileRef = 47CF16811ED5F9B9008D3E3F /* NotificationTableViewCell.swift */; };
		47CF16841ED5F9E8008D3E3F /* ShopNotification.swift in Sources */ = {isa = PBXBuildFile; fileRef = 47CF16831ED5F9E8008D3E3F /* ShopNotification.swift */; };
		47CF16861ED5FB7D008D3E3F /* ShopNotificationsViewModel.swift in Sources */ = {isa = PBXBuildFile; fileRef = 47CF16851ED5FB7D008D3E3F /* ShopNotificationsViewModel.swift */; };
		47CF16881ED5FBD3008D3E3F /* ShopNotificationsStub.swift in Sources */ = {isa = PBXBuildFile; fileRef = 47CF16871ED5FBD3008D3E3F /* ShopNotificationsStub.swift */; };
		47E889AE1F30A726009A9B8F /* TextSectionView.xib in Resources */ = {isa = PBXBuildFile; fileRef = 47E889AD1F30A726009A9B8F /* TextSectionView.xib */; };
		47E889B01F30A72F009A9B8F /* TextSectionView.swift in Sources */ = {isa = PBXBuildFile; fileRef = 47E889AF1F30A72F009A9B8F /* TextSectionView.swift */; };
		47E889B31F30BC48009A9B8F /* TitleSectionView.xib in Resources */ = {isa = PBXBuildFile; fileRef = 47E889B21F30BC48009A9B8F /* TitleSectionView.xib */; };
		47E889B51F30BC52009A9B8F /* TitleSectionView.swift in Sources */ = {isa = PBXBuildFile; fileRef = 47E889B41F30BC52009A9B8F /* TitleSectionView.swift */; };
		47E889B81F30C892009A9B8F /* SocialBarView.swift in Sources */ = {isa = PBXBuildFile; fileRef = 47E889B71F30C892009A9B8F /* SocialBarView.swift */; };
		47E889BA1F30C89B009A9B8F /* SocialBarView.xib in Resources */ = {isa = PBXBuildFile; fileRef = 47E889B91F30C89B009A9B8F /* SocialBarView.xib */; };
		47FBD21B1F2E69760033B7F3 /* SocialButtonBackground.swift in Sources */ = {isa = PBXBuildFile; fileRef = 47FBD21A1F2E69760033B7F3 /* SocialButtonBackground.swift */; };
/* End PBXBuildFile section */

/* Begin PBXContainerItemProxy section */
		479315EA1EC5FDED00845C6C /* PBXContainerItemProxy */ = {
			isa = PBXContainerItemProxy;
			containerPortal = 479315CD1EC5FDED00845C6C /* Project object */;
			proxyType = 1;
			remoteGlobalIDString = 479315D41EC5FDED00845C6C;
			remoteInfo = BergaApp;
		};
		479315F51EC5FDED00845C6C /* PBXContainerItemProxy */ = {
			isa = PBXContainerItemProxy;
			containerPortal = 479315CD1EC5FDED00845C6C /* Project object */;
			proxyType = 1;
			remoteGlobalIDString = 479315D41EC5FDED00845C6C;
			remoteInfo = BergaApp;
		};
/* End PBXContainerItemProxy section */

/* Begin PBXFileReference section */
		430026561EEEAE5700A5B0B8 /* CalendarFooterCollectionReusableView.swift */ = {isa = PBXFileReference; fileEncoding = 4; lastKnownFileType = sourcecode.swift; path = CalendarFooterCollectionReusableView.swift; sourceTree = "<group>"; };
		430D88551F288525008F3E7C /* CalendarEventSection.swift */ = {isa = PBXFileReference; fileEncoding = 4; lastKnownFileType = sourcecode.swift; path = CalendarEventSection.swift; sourceTree = "<group>"; };
		432C1AF81EEFCC850043FA36 /* EventOrganizer.swift */ = {isa = PBXFileReference; fileEncoding = 4; lastKnownFileType = sourcecode.swift; path = EventOrganizer.swift; sourceTree = "<group>"; };
		4351A3DF1ED431B900B18D9B /* ShopDetailViewModel.swift */ = {isa = PBXFileReference; fileEncoding = 4; lastKnownFileType = sourcecode.swift; path = ShopDetailViewModel.swift; sourceTree = "<group>"; };
		4352956B1ECB0D8F0017FB9E /* EventDetailViewController.swift */ = {isa = PBXFileReference; fileEncoding = 4; lastKnownFileType = sourcecode.swift; path = EventDetailViewController.swift; sourceTree = "<group>"; };
		4352956D1ECB14710017FB9E /* Colors.swift */ = {isa = PBXFileReference; fileEncoding = 4; lastKnownFileType = sourcecode.swift; path = Colors.swift; sourceTree = "<group>"; };
		435295701ECB311C0017FB9E /* CustomAnnotation.swift */ = {isa = PBXFileReference; fileEncoding = 4; lastKnownFileType = sourcecode.swift; path = CustomAnnotation.swift; sourceTree = "<group>"; };
		4364A8161F260E4C0005607C /* EventsContainerCollectionViewCell.swift */ = {isa = PBXFileReference; fileEncoding = 4; lastKnownFileType = sourcecode.swift; path = EventsContainerCollectionViewCell.swift; sourceTree = "<group>"; };
		437CA31E1ECF237C001EE22C /* KeyboardViewController.swift */ = {isa = PBXFileReference; fileEncoding = 4; lastKnownFileType = sourcecode.swift; path = KeyboardViewController.swift; sourceTree = "<group>"; };
		439DF4E01ED6DBA10089F00B /* ShopPhotoCollectionViewCell.swift */ = {isa = PBXFileReference; fileEncoding = 4; lastKnownFileType = sourcecode.swift; path = ShopPhotoCollectionViewCell.swift; sourceTree = "<group>"; };
		43F0A9E41EFABD440029922E /* ShopSearchViewController.swift */ = {isa = PBXFileReference; fileEncoding = 4; lastKnownFileType = sourcecode.swift; path = ShopSearchViewController.swift; sourceTree = "<group>"; };
		43F0A9E61EFABD640029922E /* ShopSearchViewModel.swift */ = {isa = PBXFileReference; fileEncoding = 4; lastKnownFileType = sourcecode.swift; path = ShopSearchViewModel.swift; sourceTree = "<group>"; };
		470551231EC6F9690016E366 /* CalendarViewController.swift */ = {isa = PBXFileReference; fileEncoding = 4; lastKnownFileType = sourcecode.swift; path = CalendarViewController.swift; sourceTree = "<group>"; };
		470551251EC704170016E366 /* CalendarEvent.swift */ = {isa = PBXFileReference; fileEncoding = 4; lastKnownFileType = sourcecode.swift; path = CalendarEvent.swift; sourceTree = "<group>"; };
		470551271EC704950016E366 /* CalendarViewModel.swift */ = {isa = PBXFileReference; fileEncoding = 4; lastKnownFileType = sourcecode.swift; path = CalendarViewModel.swift; sourceTree = "<group>"; };
		470551291EC7067A0016E366 /* DayCollectionViewCell.swift */ = {isa = PBXFileReference; fileEncoding = 4; lastKnownFileType = sourcecode.swift; path = DayCollectionViewCell.swift; sourceTree = "<group>"; };
		4705512B1EC717E70016E366 /* NewsStub.swift */ = {isa = PBXFileReference; fileEncoding = 4; lastKnownFileType = sourcecode.swift; path = NewsStub.swift; sourceTree = "<group>"; };
		4705512D1EC74BDA0016E366 /* Day.swift */ = {isa = PBXFileReference; fileEncoding = 4; lastKnownFileType = sourcecode.swift; path = Day.swift; sourceTree = "<group>"; };
		4705512F1EC751ED0016E366 /* Commons.swift */ = {isa = PBXFileReference; fileEncoding = 4; lastKnownFileType = sourcecode.swift; path = Commons.swift; sourceTree = "<group>"; };
		470F48B21F45CBFC00C084F3 /* TopShopCollectionViewCell.swift */ = {isa = PBXFileReference; fileEncoding = 4; lastKnownFileType = sourcecode.swift; path = TopShopCollectionViewCell.swift; sourceTree = "<group>"; };
		470F48B41F45D57C00C084F3 /* ShopsViewController.swift */ = {isa = PBXFileReference; fileEncoding = 4; lastKnownFileType = sourcecode.swift; path = ShopsViewController.swift; sourceTree = "<group>"; };
		471335FC1EF3205C00A51635 /* NotificationHeaderTableViewCell.swift */ = {isa = PBXFileReference; fileEncoding = 4; lastKnownFileType = sourcecode.swift; path = NotificationHeaderTableViewCell.swift; sourceTree = "<group>"; };
		4717D0781F1BA63D00D24539 /* CorneredImageView.swift */ = {isa = PBXFileReference; fileEncoding = 4; lastKnownFileType = sourcecode.swift; path = CorneredImageView.swift; sourceTree = "<group>"; };
		4717D07A1F1BAEEA00D24539 /* NewsTitleTableViewCell.swift */ = {isa = PBXFileReference; fileEncoding = 4; lastKnownFileType = sourcecode.swift; path = NewsTitleTableViewCell.swift; sourceTree = "<group>"; };
		4717D07C1F1BE21D00D24539 /* NewsProvider.swift */ = {isa = PBXFileReference; fileEncoding = 4; lastKnownFileType = sourcecode.swift; path = NewsProvider.swift; sourceTree = "<group>"; };
		4717D07F1F1BE26000D24539 /* NewsSection.swift */ = {isa = PBXFileReference; fileEncoding = 4; lastKnownFileType = sourcecode.swift; path = NewsSection.swift; sourceTree = "<group>"; };
		471D89E91EED76200003D1E5 /* WeatherView.xib */ = {isa = PBXFileReference; fileEncoding = 4; lastKnownFileType = file.xib; path = WeatherView.xib; sourceTree = "<group>"; };
		471D89EB1EED768F0003D1E5 /* WeatherView.swift */ = {isa = PBXFileReference; fileEncoding = 4; lastKnownFileType = sourcecode.swift; path = WeatherView.swift; sourceTree = "<group>"; };
		471D89ED1EED76AE0003D1E5 /* WeatherColors.swift */ = {isa = PBXFileReference; fileEncoding = 4; lastKnownFileType = sourcecode.swift; path = WeatherColors.swift; sourceTree = "<group>"; };
		471D89EF1EED7ACA0003D1E5 /* Weather.swift */ = {isa = PBXFileReference; fileEncoding = 4; lastKnownFileType = sourcecode.swift; path = Weather.swift; sourceTree = "<group>"; };
		471DACDD1ED233250090C6CD /* PromotedShopCollectionViewCell.swift */ = {isa = PBXFileReference; fileEncoding = 4; lastKnownFileType = sourcecode.swift; path = PromotedShopCollectionViewCell.swift; sourceTree = "<group>"; };
		4721F2FC1EC8A7F700E2CEE4 /* CalendarEventsManager.swift */ = {isa = PBXFileReference; fileEncoding = 4; lastKnownFileType = sourcecode.swift; path = CalendarEventsManager.swift; sourceTree = "<group>"; };
		4733FBAC1EE89FDA00EE7E55 /* ShadowView.swift */ = {isa = PBXFileReference; fileEncoding = 4; lastKnownFileType = sourcecode.swift; path = ShadowView.swift; sourceTree = "<group>"; };
		473EE0181ED057CC006AAC71 /* ShopDetailViewController.swift */ = {isa = PBXFileReference; fileEncoding = 4; lastKnownFileType = sourcecode.swift; path = ShopDetailViewController.swift; sourceTree = "<group>"; };
		473F51491ED9991F00008FAC /* Address.swift */ = {isa = PBXFileReference; fileEncoding = 4; lastKnownFileType = sourcecode.swift; path = Address.swift; sourceTree = "<group>"; };
		47416A0F1ED74AE100497A09 /* MapViewController.swift */ = {isa = PBXFileReference; fileEncoding = 4; lastKnownFileType = sourcecode.swift; path = MapViewController.swift; sourceTree = "<group>"; };
		474E746C1F499932006031AF /* DayCellView.xib */ = {isa = PBXFileReference; fileEncoding = 4; lastKnownFileType = file.xib; path = DayCellView.xib; sourceTree = "<group>"; };
		474E746F1F499A25006031AF /* DayCellView.swift */ = {isa = PBXFileReference; fileEncoding = 4; lastKnownFileType = sourcecode.swift; path = DayCellView.swift; sourceTree = "<group>"; };
		474E74711F499DDB006031AF /* DayRowView.xib */ = {isa = PBXFileReference; fileEncoding = 4; lastKnownFileType = file.xib; path = DayRowView.xib; sourceTree = "<group>"; };
		474E74731F499DEB006031AF /* DayRowView.swift */ = {isa = PBXFileReference; fileEncoding = 4; lastKnownFileType = sourcecode.swift; path = DayRowView.swift; sourceTree = "<group>"; };
		474E74751F49AD92006031AF /* NewCalendarViewController.swift */ = {isa = PBXFileReference; fileEncoding = 4; lastKnownFileType = sourcecode.swift; path = NewCalendarViewController.swift; sourceTree = "<group>"; };
		47594F3E1EFE7258000B122F /* ArrayParser.swift */ = {isa = PBXFileReference; fileEncoding = 4; lastKnownFileType = sourcecode.swift; path = ArrayParser.swift; sourceTree = "<group>"; };
		475CD2BF1EDB035C006EAA4B /* CustomButton.swift */ = {isa = PBXFileReference; fileEncoding = 4; lastKnownFileType = sourcecode.swift; path = CustomButton.swift; sourceTree = "<group>"; };
		478846681EED5A7E0027E12E /* CardView.swift */ = {isa = PBXFileReference; fileEncoding = 4; lastKnownFileType = sourcecode.swift; path = CardView.swift; sourceTree = "<group>"; };
		479315D51EC5FDED00845C6C /* BergaApp.app */ = {isa = PBXFileReference; explicitFileType = wrapper.application; includeInIndex = 0; path = BergaApp.app; sourceTree = BUILT_PRODUCTS_DIR; };
		479315D81EC5FDED00845C6C /* AppDelegate.swift */ = {isa = PBXFileReference; lastKnownFileType = sourcecode.swift; path = AppDelegate.swift; sourceTree = "<group>"; };
		479315DD1EC5FDED00845C6C /* Base */ = {isa = PBXFileReference; lastKnownFileType = file.storyboard; name = Base; path = Base.lproj/Main.storyboard; sourceTree = "<group>"; };
		479315DF1EC5FDED00845C6C /* Assets.xcassets */ = {isa = PBXFileReference; lastKnownFileType = folder.assetcatalog; path = Assets.xcassets; sourceTree = "<group>"; };
		479315E21EC5FDED00845C6C /* Base */ = {isa = PBXFileReference; lastKnownFileType = file.storyboard; name = Base; path = Base.lproj/LaunchScreen.storyboard; sourceTree = "<group>"; };
		479315E41EC5FDED00845C6C /* Info.plist */ = {isa = PBXFileReference; lastKnownFileType = text.plist.xml; path = Info.plist; sourceTree = "<group>"; };
		479315E91EC5FDED00845C6C /* BergaAppTests.xctest */ = {isa = PBXFileReference; explicitFileType = wrapper.cfbundle; includeInIndex = 0; path = BergaAppTests.xctest; sourceTree = BUILT_PRODUCTS_DIR; };
		479315ED1EC5FDED00845C6C /* BergaAppTests.swift */ = {isa = PBXFileReference; lastKnownFileType = sourcecode.swift; path = BergaAppTests.swift; sourceTree = "<group>"; };
		479315EF1EC5FDED00845C6C /* Info.plist */ = {isa = PBXFileReference; lastKnownFileType = text.plist.xml; path = Info.plist; sourceTree = "<group>"; };
		479315F41EC5FDED00845C6C /* BergaAppUITests.xctest */ = {isa = PBXFileReference; explicitFileType = wrapper.cfbundle; includeInIndex = 0; path = BergaAppUITests.xctest; sourceTree = BUILT_PRODUCTS_DIR; };
		479315F81EC5FDED00845C6C /* BergaAppUITests.swift */ = {isa = PBXFileReference; lastKnownFileType = sourcecode.swift; path = BergaAppUITests.swift; sourceTree = "<group>"; };
		479315FA1EC5FDED00845C6C /* Info.plist */ = {isa = PBXFileReference; lastKnownFileType = text.plist.xml; path = Info.plist; sourceTree = "<group>"; };
		479316061EC5FE2800845C6C /* NewsViewController.swift */ = {isa = PBXFileReference; fileEncoding = 4; lastKnownFileType = sourcecode.swift; path = NewsViewController.swift; sourceTree = "<group>"; };
		479316091EC603C800845C6C /* Alamofire.framework */ = {isa = PBXFileReference; lastKnownFileType = wrapper.framework; name = Alamofire.framework; path = Carthage/Build/iOS/Alamofire.framework; sourceTree = "<group>"; };
		4793160B1EC603D200845C6C /* Kingfisher.framework */ = {isa = PBXFileReference; lastKnownFileType = wrapper.framework; name = Kingfisher.framework; path = Carthage/Build/iOS/Kingfisher.framework; sourceTree = "<group>"; };
		4793160D1EC603D700845C6C /* RxAlamofire.framework */ = {isa = PBXFileReference; lastKnownFileType = wrapper.framework; name = RxAlamofire.framework; path = Carthage/Build/iOS/RxAlamofire.framework; sourceTree = "<group>"; };
		4793160F1EC603E500845C6C /* RxCocoa.framework */ = {isa = PBXFileReference; lastKnownFileType = wrapper.framework; name = RxCocoa.framework; path = Carthage/Build/iOS/RxCocoa.framework; sourceTree = "<group>"; };
		479316111EC603EB00845C6C /* RxSwift.framework */ = {isa = PBXFileReference; lastKnownFileType = wrapper.framework; name = RxSwift.framework; path = Carthage/Build/iOS/RxSwift.framework; sourceTree = "<group>"; };
		479316131EC603F400845C6C /* SwiftyJSON.framework */ = {isa = PBXFileReference; lastKnownFileType = wrapper.framework; name = SwiftyJSON.framework; path = Carthage/Build/iOS/SwiftyJSON.framework; sourceTree = "<group>"; };
		479316171EC605C400845C6C /* NewsViewModel.swift */ = {isa = PBXFileReference; fileEncoding = 4; lastKnownFileType = sourcecode.swift; path = NewsViewModel.swift; sourceTree = "<group>"; };
		479316191EC605E000845C6C /* News.swift */ = {isa = PBXFileReference; fileEncoding = 4; lastKnownFileType = sourcecode.swift; path = News.swift; sourceTree = "<group>"; };
		4793161D1EC6080F00845C6C /* NewsTableViewCell.swift */ = {isa = PBXFileReference; fileEncoding = 4; lastKnownFileType = sourcecode.swift; path = NewsTableViewCell.swift; sourceTree = "<group>"; };
		4793161F1EC60B7400845C6C /* Media.xcassets */ = {isa = PBXFileReference; lastKnownFileType = folder.assetcatalog; name = Media.xcassets; path = ../Media.xcassets; sourceTree = "<group>"; };
		479FFBA01ECE407300BA8106 /* ShopListViewController.swift */ = {isa = PBXFileReference; fileEncoding = 4; lastKnownFileType = sourcecode.swift; path = ShopListViewController.swift; sourceTree = "<group>"; };
		479FFBA21ECE40E100BA8106 /* ShopListViewModel.swift */ = {isa = PBXFileReference; fileEncoding = 4; lastKnownFileType = sourcecode.swift; path = ShopListViewModel.swift; sourceTree = "<group>"; };
		479FFBA41ECE415000BA8106 /* Shop.swift */ = {isa = PBXFileReference; fileEncoding = 4; lastKnownFileType = sourcecode.swift; path = Shop.swift; sourceTree = "<group>"; };
		479FFBA61ECE425600BA8106 /* ShopStub.swift */ = {isa = PBXFileReference; fileEncoding = 4; lastKnownFileType = sourcecode.swift; path = ShopStub.swift; sourceTree = "<group>"; };
		479FFBA81ECE443E00BA8106 /* ShopCollectionViewCell.swift */ = {isa = PBXFileReference; fileEncoding = 4; lastKnownFileType = sourcecode.swift; path = ShopCollectionViewCell.swift; sourceTree = "<group>"; };
		47A4A41E1ED35656007D01DF /* SectionHeaderCollectionReusableView.swift */ = {isa = PBXFileReference; fileEncoding = 4; lastKnownFileType = sourcecode.swift; path = SectionHeaderCollectionReusableView.swift; sourceTree = "<group>"; };
		47A9C8AE1EC87F6800CA173E /* CalendarEventStub.swift */ = {isa = PBXFileReference; fileEncoding = 4; lastKnownFileType = sourcecode.swift; path = CalendarEventStub.swift; sourceTree = "<group>"; };
		47A9C8B01EC8827B00CA173E /* CalendarModelType.swift */ = {isa = PBXFileReference; fileEncoding = 4; lastKnownFileType = sourcecode.swift; path = CalendarModelType.swift; sourceTree = "<group>"; };
		47A9C8B21EC882E200CA173E /* RxDataSources.framework */ = {isa = PBXFileReference; lastKnownFileType = wrapper.framework; name = RxDataSources.framework; path = Carthage/Build/iOS/RxDataSources.framework; sourceTree = "<group>"; };
		47A9C8B41EC890E300CA173E /* MonthDaysGenerator.swift */ = {isa = PBXFileReference; fileEncoding = 4; lastKnownFileType = sourcecode.swift; path = MonthDaysGenerator.swift; sourceTree = "<group>"; };
		47A9C8B61EC898B700CA173E /* EventCollectionViewCell.swift */ = {isa = PBXFileReference; fileEncoding = 4; lastKnownFileType = sourcecode.swift; path = EventCollectionViewCell.swift; sourceTree = "<group>"; };
		47BEE62E1F45915C00D4B947 /* ImageDisplayViewController.swift */ = {isa = PBXFileReference; fileEncoding = 4; lastKnownFileType = sourcecode.swift; path = ImageDisplayViewController.swift; sourceTree = "<group>"; };
		47C942291EC65B8400B3F617 /* CustomView.swift */ = {isa = PBXFileReference; fileEncoding = 4; lastKnownFileType = sourcecode.swift; path = CustomView.swift; sourceTree = "<group>"; };
		47C9422B1EC65B9800B3F617 /* IconImage.swift */ = {isa = PBXFileReference; fileEncoding = 4; lastKnownFileType = sourcecode.swift; path = IconImage.swift; sourceTree = "<group>"; };
		47CBCE0C1F2364CD004E752F /* MonthHeaderCollectionReusableView.swift */ = {isa = PBXFileReference; fileEncoding = 4; lastKnownFileType = sourcecode.swift; path = MonthHeaderCollectionReusableView.swift; sourceTree = "<group>"; };
		47CF167D1ED5ED60008D3E3F /* ShopInfoViewController.swift */ = {isa = PBXFileReference; fileEncoding = 4; lastKnownFileType = sourcecode.swift; path = ShopInfoViewController.swift; sourceTree = "<group>"; };
		47CF167F1ED5ED72008D3E3F /* ShopNotificationsViewController.swift */ = {isa = PBXFileReference; fileEncoding = 4; lastKnownFileType = sourcecode.swift; path = ShopNotificationsViewController.swift; sourceTree = "<group>"; };
		47CF16811ED5F9B9008D3E3F /* NotificationTableViewCell.swift */ = {isa = PBXFileReference; fileEncoding = 4; lastKnownFileType = sourcecode.swift; path = NotificationTableViewCell.swift; sourceTree = "<group>"; };
		47CF16831ED5F9E8008D3E3F /* ShopNotification.swift */ = {isa = PBXFileReference; fileEncoding = 4; lastKnownFileType = sourcecode.swift; path = ShopNotification.swift; sourceTree = "<group>"; };
		47CF16851ED5FB7D008D3E3F /* ShopNotificationsViewModel.swift */ = {isa = PBXFileReference; fileEncoding = 4; lastKnownFileType = sourcecode.swift; path = ShopNotificationsViewModel.swift; sourceTree = "<group>"; };
		47CF16871ED5FBD3008D3E3F /* ShopNotificationsStub.swift */ = {isa = PBXFileReference; fileEncoding = 4; lastKnownFileType = sourcecode.swift; path = ShopNotificationsStub.swift; sourceTree = "<group>"; };
		47E889AD1F30A726009A9B8F /* TextSectionView.xib */ = {isa = PBXFileReference; fileEncoding = 4; lastKnownFileType = file.xib; path = TextSectionView.xib; sourceTree = "<group>"; };
		47E889AF1F30A72F009A9B8F /* TextSectionView.swift */ = {isa = PBXFileReference; fileEncoding = 4; lastKnownFileType = sourcecode.swift; name = TextSectionView.swift; path = ../TextSectionView.swift; sourceTree = "<group>"; };
		47E889B21F30BC48009A9B8F /* TitleSectionView.xib */ = {isa = PBXFileReference; fileEncoding = 4; lastKnownFileType = file.xib; path = TitleSectionView.xib; sourceTree = "<group>"; };
		47E889B41F30BC52009A9B8F /* TitleSectionView.swift */ = {isa = PBXFileReference; fileEncoding = 4; lastKnownFileType = sourcecode.swift; path = TitleSectionView.swift; sourceTree = "<group>"; };
		47E889B71F30C892009A9B8F /* SocialBarView.swift */ = {isa = PBXFileReference; fileEncoding = 4; lastKnownFileType = sourcecode.swift; path = SocialBarView.swift; sourceTree = "<group>"; };
		47E889B91F30C89B009A9B8F /* SocialBarView.xib */ = {isa = PBXFileReference; fileEncoding = 4; lastKnownFileType = file.xib; path = SocialBarView.xib; sourceTree = "<group>"; };
		47FBD21A1F2E69760033B7F3 /* SocialButtonBackground.swift */ = {isa = PBXFileReference; fileEncoding = 4; lastKnownFileType = sourcecode.swift; path = SocialButtonBackground.swift; sourceTree = "<group>"; };
/* End PBXFileReference section */

/* Begin PBXFrameworksBuildPhase section */
		479315D21EC5FDED00845C6C /* Frameworks */ = {
			isa = PBXFrameworksBuildPhase;
			buildActionMask = 2147483647;
			files = (
				479316121EC603EB00845C6C /* RxSwift.framework in Frameworks */,
				479316101EC603E500845C6C /* RxCocoa.framework in Frameworks */,
				479316141EC603F400845C6C /* SwiftyJSON.framework in Frameworks */,
				47A9C8B31EC882E200CA173E /* RxDataSources.framework in Frameworks */,
				4793160C1EC603D200845C6C /* Kingfisher.framework in Frameworks */,
				4793160A1EC603C800845C6C /* Alamofire.framework in Frameworks */,
				4793160E1EC603D700845C6C /* RxAlamofire.framework in Frameworks */,
			);
			runOnlyForDeploymentPostprocessing = 0;
		};
		479315E61EC5FDED00845C6C /* Frameworks */ = {
			isa = PBXFrameworksBuildPhase;
			buildActionMask = 2147483647;
			files = (
			);
			runOnlyForDeploymentPostprocessing = 0;
		};
		479315F11EC5FDED00845C6C /* Frameworks */ = {
			isa = PBXFrameworksBuildPhase;
			buildActionMask = 2147483647;
			files = (
			);
			runOnlyForDeploymentPostprocessing = 0;
		};
/* End PBXFrameworksBuildPhase section */

/* Begin PBXGroup section */
		430D88511F288480008F3E7C /* ViewModels */ = {
			isa = PBXGroup;
			children = (
				470551271EC704950016E366 /* CalendarViewModel.swift */,
				47A9C8B41EC890E300CA173E /* MonthDaysGenerator.swift */,
				4721F2FC1EC8A7F700E2CEE4 /* CalendarEventsManager.swift */,
			);
			name = ViewModels;
			sourceTree = "<group>";
		};
		430D88521F288498008F3E7C /* Models */ = {
			isa = PBXGroup;
			children = (
				4705512D1EC74BDA0016E366 /* Day.swift */,
				47A9C8B01EC8827B00CA173E /* CalendarModelType.swift */,
				430D88551F288525008F3E7C /* CalendarEventSection.swift */,
			);
			name = Models;
			sourceTree = "<group>";
		};
		430D88531F2884BF008F3E7C /* Stubs */ = {
			isa = PBXGroup;
			children = (
				47A9C8AE1EC87F6800CA173E /* CalendarEventStub.swift */,
			);
			name = Stubs;
			sourceTree = "<group>";
		};
		430D88541F2884F0008F3E7C /* Views */ = {
			isa = PBXGroup;
			children = (
				470551231EC6F9690016E366 /* CalendarViewController.swift */,
				474E74751F49AD92006031AF /* NewCalendarViewController.swift */,
				470551291EC7067A0016E366 /* DayCollectionViewCell.swift */,
				47A9C8B61EC898B700CA173E /* EventCollectionViewCell.swift */,
				430026561EEEAE5700A5B0B8 /* CalendarFooterCollectionReusableView.swift */,
				47CBCE0C1F2364CD004E752F /* MonthHeaderCollectionReusableView.swift */,
				4364A8161F260E4C0005607C /* EventsContainerCollectionViewCell.swift */,
			);
			name = Views;
			sourceTree = "<group>";
		};
		4352956F1ECB30D90017FB9E /* EventDetail */ = {
			isa = PBXGroup;
			children = (
				470551251EC704170016E366 /* CalendarEvent.swift */,
				4352956B1ECB0D8F0017FB9E /* EventDetailViewController.swift */,
				432C1AF81EEFCC850043FA36 /* EventOrganizer.swift */,
			);
			name = EventDetail;
			sourceTree = "<group>";
		};
		439DF4E21ED6DBAA0089F00B /* ShopInfo */ = {
			isa = PBXGroup;
			children = (
				47CF167D1ED5ED60008D3E3F /* ShopInfoViewController.swift */,
				439DF4E01ED6DBA10089F00B /* ShopPhotoCollectionViewCell.swift */,
			);
			name = ShopInfo;
			sourceTree = "<group>";
		};
		439DF4E31ED6DBB20089F00B /* ShopNotifications */ = {
			isa = PBXGroup;
			children = (
				47CF167F1ED5ED72008D3E3F /* ShopNotificationsViewController.swift */,
				47CF16811ED5F9B9008D3E3F /* NotificationTableViewCell.swift */,
				47CF16851ED5FB7D008D3E3F /* ShopNotificationsViewModel.swift */,
				47CF16831ED5F9E8008D3E3F /* ShopNotification.swift */,
				47CF16871ED5FBD3008D3E3F /* ShopNotificationsStub.swift */,
				471335FC1EF3205C00A51635 /* NotificationHeaderTableViewCell.swift */,
			);
			name = ShopNotifications;
			sourceTree = "<group>";
		};
		43F0A9E31EFABD150029922E /* Search */ = {
			isa = PBXGroup;
			children = (
				43F0A9E41EFABD440029922E /* ShopSearchViewController.swift */,
				43F0A9E61EFABD640029922E /* ShopSearchViewModel.swift */,
			);
			name = Search;
			sourceTree = "<group>";
		};
		470551211EC6F9290016E366 /* Calendar */ = {
			isa = PBXGroup;
			children = (
				430D88521F288498008F3E7C /* Models */,
				430D88511F288480008F3E7C /* ViewModels */,
				430D88541F2884F0008F3E7C /* Views */,
				430D88531F2884BF008F3E7C /* Stubs */,
			);
			name = Calendar;
			sourceTree = "<group>";
		};
		470551221EC6F93B0016E366 /* Assets */ = {
			isa = PBXGroup;
			children = (
				479315DF1EC5FDED00845C6C /* Assets.xcassets */,
				4793161F1EC60B7400845C6C /* Media.xcassets */,
			);
			name = Assets;
			sourceTree = "<group>";
		};
		4717D0771F1BA38F00D24539 /* Fonts */ = {
			isa = PBXGroup;
			children = (
			);
			name = Fonts;
			sourceTree = "<group>";
		};
		4717D07E1F1BE23600D24539 /* Model */ = {
			isa = PBXGroup;
			children = (
				479316191EC605E000845C6C /* News.swift */,
				4717D07C1F1BE21D00D24539 /* NewsProvider.swift */,
				4705512B1EC717E70016E366 /* NewsStub.swift */,
				4717D07F1F1BE26000D24539 /* NewsSection.swift */,
			);
			name = Model;
			sourceTree = "<group>";
		};
		471D89E81EED76050003D1E5 /* Weather */ = {
			isa = PBXGroup;
			children = (
				471D89E91EED76200003D1E5 /* WeatherView.xib */,
				471D89EB1EED768F0003D1E5 /* WeatherView.swift */,
				471D89ED1EED76AE0003D1E5 /* WeatherColors.swift */,
				471D89EF1EED7ACA0003D1E5 /* Weather.swift */,
			);
			name = Weather;
			sourceTree = "<group>";
		};
		473EE0171ED0579F006AAC71 /* ShopDetail */ = {
			isa = PBXGroup;
			children = (
				473EE0181ED057CC006AAC71 /* ShopDetailViewController.swift */,
				4351A3DF1ED431B900B18D9B /* ShopDetailViewModel.swift */,
				439DF4E21ED6DBAA0089F00B /* ShopInfo */,
				439DF4E31ED6DBB20089F00B /* ShopNotifications */,
			);
			name = ShopDetail;
			sourceTree = "<group>";
		};
		474E746E1F499A0D006031AF /* DayViews */ = {
			isa = PBXGroup;
			children = (
				474E746C1F499932006031AF /* DayCellView.xib */,
				474E746F1F499A25006031AF /* DayCellView.swift */,
				474E74711F499DDB006031AF /* DayRowView.xib */,
				474E74731F499DEB006031AF /* DayRowView.swift */,
			);
			name = DayViews;
			sourceTree = "<group>";
		};
		475CD2BE1EDB031E006EAA4B /* CustomViews */ = {
			isa = PBXGroup;
			children = (
				47E889AC1F30A6FC009A9B8F /* TextSectionView */,
				47E889B11F30BC24009A9B8F /* TitleSectionView */,
				47E889B61F30C871009A9B8F /* SocialBarView */,
				47C942291EC65B8400B3F617 /* CustomView.swift */,
				47C9422B1EC65B9800B3F617 /* IconImage.swift */,
				475CD2BF1EDB035C006EAA4B /* CustomButton.swift */,
				4733FBAC1EE89FDA00EE7E55 /* ShadowView.swift */,
				478846681EED5A7E0027E12E /* CardView.swift */,
				4717D0781F1BA63D00D24539 /* CorneredImageView.swift */,
				474E746E1F499A0D006031AF /* DayViews */,
			);
			name = CustomViews;
			sourceTree = "<group>";
		};
		479315CC1EC5FDED00845C6C = {
			isa = PBXGroup;
			children = (
				479315D71EC5FDED00845C6C /* BergaApp */,
				479316081EC6039F00845C6C /* Frameworks */,
				4717D0771F1BA38F00D24539 /* Fonts */,
				479315EC1EC5FDED00845C6C /* BergaAppTests */,
				479315F71EC5FDED00845C6C /* BergaAppUITests */,
				479315D61EC5FDED00845C6C /* Products */,
			);
			sourceTree = "<group>";
		};
		479315D61EC5FDED00845C6C /* Products */ = {
			isa = PBXGroup;
			children = (
				479315D51EC5FDED00845C6C /* BergaApp.app */,
				479315E91EC5FDED00845C6C /* BergaAppTests.xctest */,
				479315F41EC5FDED00845C6C /* BergaAppUITests.xctest */,
			);
			name = Products;
			sourceTree = "<group>";
		};
		479315D71EC5FDED00845C6C /* BergaApp */ = {
			isa = PBXGroup;
			children = (
				470551221EC6F93B0016E366 /* Assets */,
				47C942281EC65B4F00B3F617 /* Utils */,
				479316161EC605AE00845C6C /* News */,
				470551211EC6F9290016E366 /* Calendar */,
				4352956F1ECB30D90017FB9E /* EventDetail */,
				479FFB9F1ECE404A00BA8106 /* Shops */,
				473EE0171ED0579F006AAC71 /* ShopDetail */,
				479315DC1EC5FDED00845C6C /* Main.storyboard */,
				479315E11EC5FDED00845C6C /* LaunchScreen.storyboard */,
				479315D81EC5FDED00845C6C /* AppDelegate.swift */,
				479315E41EC5FDED00845C6C /* Info.plist */,
			);
			path = BergaApp;
			sourceTree = "<group>";
		};
		479315EC1EC5FDED00845C6C /* BergaAppTests */ = {
			isa = PBXGroup;
			children = (
				479315ED1EC5FDED00845C6C /* BergaAppTests.swift */,
				479315EF1EC5FDED00845C6C /* Info.plist */,
			);
			path = BergaAppTests;
			sourceTree = "<group>";
		};
		479315F71EC5FDED00845C6C /* BergaAppUITests */ = {
			isa = PBXGroup;
			children = (
				479315F81EC5FDED00845C6C /* BergaAppUITests.swift */,
				479315FA1EC5FDED00845C6C /* Info.plist */,
			);
			path = BergaAppUITests;
			sourceTree = "<group>";
		};
		479316081EC6039F00845C6C /* Frameworks */ = {
			isa = PBXGroup;
			children = (
				47A9C8B21EC882E200CA173E /* RxDataSources.framework */,
				479316131EC603F400845C6C /* SwiftyJSON.framework */,
				479316111EC603EB00845C6C /* RxSwift.framework */,
				4793160F1EC603E500845C6C /* RxCocoa.framework */,
				4793160D1EC603D700845C6C /* RxAlamofire.framework */,
				4793160B1EC603D200845C6C /* Kingfisher.framework */,
				479316091EC603C800845C6C /* Alamofire.framework */,
			);
			name = Frameworks;
			sourceTree = "<group>";
		};
		479316161EC605AE00845C6C /* News */ = {
			isa = PBXGroup;
			children = (
				471D89E81EED76050003D1E5 /* Weather */,
				4717D07E1F1BE23600D24539 /* Model */,
				479316061EC5FE2800845C6C /* NewsViewController.swift */,
				479316171EC605C400845C6C /* NewsViewModel.swift */,
				4793161D1EC6080F00845C6C /* NewsTableViewCell.swift */,
				4717D07A1F1BAEEA00D24539 /* NewsTitleTableViewCell.swift */,
			);
			name = News;
			sourceTree = "<group>";
		};
		479FFB9F1ECE404A00BA8106 /* Shops */ = {
			isa = PBXGroup;
			children = (
				479FFBA01ECE407300BA8106 /* ShopListViewController.swift */,
				479FFBA21ECE40E100BA8106 /* ShopListViewModel.swift */,
				479FFBA41ECE415000BA8106 /* Shop.swift */,
				479FFBA61ECE425600BA8106 /* ShopStub.swift */,
				479FFBA81ECE443E00BA8106 /* ShopCollectionViewCell.swift */,
				471DACDD1ED233250090C6CD /* PromotedShopCollectionViewCell.swift */,
				47A4A41E1ED35656007D01DF /* SectionHeaderCollectionReusableView.swift */,
				43F0A9E31EFABD150029922E /* Search */,
				470F48B21F45CBFC00C084F3 /* TopShopCollectionViewCell.swift */,
				470F48B41F45D57C00C084F3 /* ShopsViewController.swift */,
			);
			name = Shops;
			sourceTree = "<group>";
		};
		47C942281EC65B4F00B3F617 /* Utils */ = {
			isa = PBXGroup;
			children = (
				475CD2BE1EDB031E006EAA4B /* CustomViews */,
				4705512F1EC751ED0016E366 /* Commons.swift */,
				4352956D1ECB14710017FB9E /* Colors.swift */,
				437CA31E1ECF237C001EE22C /* KeyboardViewController.swift */,
				47BEE62E1F45915C00D4B947 /* ImageDisplayViewController.swift */,
				435295701ECB311C0017FB9E /* CustomAnnotation.swift */,
				47416A0F1ED74AE100497A09 /* MapViewController.swift */,
				473F51491ED9991F00008FAC /* Address.swift */,
				47594F3E1EFE7258000B122F /* ArrayParser.swift */,
			);
			name = Utils;
			sourceTree = "<group>";
		};
		47E889AC1F30A6FC009A9B8F /* TextSectionView */ = {
			isa = PBXGroup;
			children = (
				47E889AF1F30A72F009A9B8F /* TextSectionView.swift */,
				47E889AD1F30A726009A9B8F /* TextSectionView.xib */,
			);
			name = TextSectionView;
			sourceTree = "<group>";
		};
		47E889B11F30BC24009A9B8F /* TitleSectionView */ = {
			isa = PBXGroup;
			children = (
				47E889B41F30BC52009A9B8F /* TitleSectionView.swift */,
				47E889B21F30BC48009A9B8F /* TitleSectionView.xib */,
			);
			name = TitleSectionView;
			sourceTree = "<group>";
		};
		47E889B61F30C871009A9B8F /* SocialBarView */ = {
			isa = PBXGroup;
			children = (
				47FBD21A1F2E69760033B7F3 /* SocialButtonBackground.swift */,
				47E889B71F30C892009A9B8F /* SocialBarView.swift */,
				47E889B91F30C89B009A9B8F /* SocialBarView.xib */,
			);
			name = SocialBarView;
			sourceTree = "<group>";
		};
/* End PBXGroup section */

/* Begin PBXNativeTarget section */
		479315D41EC5FDED00845C6C /* BergaApp */ = {
			isa = PBXNativeTarget;
			buildConfigurationList = 479315FD1EC5FDED00845C6C /* Build configuration list for PBXNativeTarget "BergaApp" */;
			buildPhases = (
				479315D11EC5FDED00845C6C /* Sources */,
				479315D21EC5FDED00845C6C /* Frameworks */,
				479315D31EC5FDED00845C6C /* Resources */,
				479316151EC6042000845C6C /* ShellScript */,
			);
			buildRules = (
			);
			dependencies = (
			);
			name = BergaApp;
			productName = BergaApp;
			productReference = 479315D51EC5FDED00845C6C /* BergaApp.app */;
			productType = "com.apple.product-type.application";
		};
		479315E81EC5FDED00845C6C /* BergaAppTests */ = {
			isa = PBXNativeTarget;
			buildConfigurationList = 479316001EC5FDED00845C6C /* Build configuration list for PBXNativeTarget "BergaAppTests" */;
			buildPhases = (
				479315E51EC5FDED00845C6C /* Sources */,
				479315E61EC5FDED00845C6C /* Frameworks */,
				479315E71EC5FDED00845C6C /* Resources */,
			);
			buildRules = (
			);
			dependencies = (
				479315EB1EC5FDED00845C6C /* PBXTargetDependency */,
			);
			name = BergaAppTests;
			productName = BergaAppTests;
			productReference = 479315E91EC5FDED00845C6C /* BergaAppTests.xctest */;
			productType = "com.apple.product-type.bundle.unit-test";
		};
		479315F31EC5FDED00845C6C /* BergaAppUITests */ = {
			isa = PBXNativeTarget;
			buildConfigurationList = 479316031EC5FDED00845C6C /* Build configuration list for PBXNativeTarget "BergaAppUITests" */;
			buildPhases = (
				479315F01EC5FDED00845C6C /* Sources */,
				479315F11EC5FDED00845C6C /* Frameworks */,
				479315F21EC5FDED00845C6C /* Resources */,
			);
			buildRules = (
			);
			dependencies = (
				479315F61EC5FDED00845C6C /* PBXTargetDependency */,
			);
			name = BergaAppUITests;
			productName = BergaAppUITests;
			productReference = 479315F41EC5FDED00845C6C /* BergaAppUITests.xctest */;
			productType = "com.apple.product-type.bundle.ui-testing";
		};
/* End PBXNativeTarget section */

/* Begin PBXProject section */
		479315CD1EC5FDED00845C6C /* Project object */ = {
			isa = PBXProject;
			attributes = {
				LastSwiftUpdateCheck = 0830;
				LastUpgradeCheck = 0830;
				ORGANIZATIONNAME = "Xavier Pedrals";
				TargetAttributes = {
					479315D41EC5FDED00845C6C = {
						CreatedOnToolsVersion = 8.3.2;
						DevelopmentTeam = DHMTBABACN;
						ProvisioningStyle = Automatic;
					};
					479315E81EC5FDED00845C6C = {
						CreatedOnToolsVersion = 8.3.2;
						ProvisioningStyle = Automatic;
						TestTargetID = 479315D41EC5FDED00845C6C;
					};
					479315F31EC5FDED00845C6C = {
						CreatedOnToolsVersion = 8.3.2;
						ProvisioningStyle = Automatic;
						TestTargetID = 479315D41EC5FDED00845C6C;
					};
				};
			};
			buildConfigurationList = 479315D01EC5FDED00845C6C /* Build configuration list for PBXProject "BergaApp" */;
			compatibilityVersion = "Xcode 3.2";
			developmentRegion = English;
			hasScannedForEncodings = 0;
			knownRegions = (
				en,
				Base,
			);
			mainGroup = 479315CC1EC5FDED00845C6C;
			productRefGroup = 479315D61EC5FDED00845C6C /* Products */;
			projectDirPath = "";
			projectRoot = "";
			targets = (
				479315D41EC5FDED00845C6C /* BergaApp */,
				479315E81EC5FDED00845C6C /* BergaAppTests */,
				479315F31EC5FDED00845C6C /* BergaAppUITests */,
			);
		};
/* End PBXProject section */

/* Begin PBXResourcesBuildPhase section */
		479315D31EC5FDED00845C6C /* Resources */ = {
			isa = PBXResourcesBuildPhase;
			buildActionMask = 2147483647;
			files = (
				471D89EA1EED76200003D1E5 /* WeatherView.xib in Resources */,
				479315E31EC5FDED00845C6C /* LaunchScreen.storyboard in Resources */,
				474E746D1F499932006031AF /* DayCellView.xib in Resources */,
				479315E01EC5FDED00845C6C /* Assets.xcassets in Resources */,
				47E889AE1F30A726009A9B8F /* TextSectionView.xib in Resources */,
				479316201EC60B7400845C6C /* Media.xcassets in Resources */,
				47E889BA1F30C89B009A9B8F /* SocialBarView.xib in Resources */,
				479315DE1EC5FDED00845C6C /* Main.storyboard in Resources */,
				474E74721F499DDB006031AF /* DayRowView.xib in Resources */,
				47E889B31F30BC48009A9B8F /* TitleSectionView.xib in Resources */,
			);
			runOnlyForDeploymentPostprocessing = 0;
		};
		479315E71EC5FDED00845C6C /* Resources */ = {
			isa = PBXResourcesBuildPhase;
			buildActionMask = 2147483647;
			files = (
			);
			runOnlyForDeploymentPostprocessing = 0;
		};
		479315F21EC5FDED00845C6C /* Resources */ = {
			isa = PBXResourcesBuildPhase;
			buildActionMask = 2147483647;
			files = (
			);
			runOnlyForDeploymentPostprocessing = 0;
		};
/* End PBXResourcesBuildPhase section */

/* Begin PBXShellScriptBuildPhase section */
		479316151EC6042000845C6C /* ShellScript */ = {
			isa = PBXShellScriptBuildPhase;
			buildActionMask = 2147483647;
			files = (
			);
			inputPaths = (
				"$(SRCROOT)/Carthage/Build/iOS/SwiftyJSON.framework",
				"$(SRCROOT)/Carthage/Build/iOS/RxSwift.framework",
				"$(SRCROOT)/Carthage/Build/iOS/RxCocoa.framework",
				"$(SRCROOT)/Carthage/Build/iOS/RxAlamofire.framework",
				"$(SRCROOT)/Carthage/Build/iOS/Kingfisher.framework",
				"$(SRCROOT)/Carthage/Build/iOS/Alamofire.framework",
				"$(SRCROOT)/Carthage/Build/iOS/RxDataSources.framework",
			);
			outputPaths = (
			);
			runOnlyForDeploymentPostprocessing = 0;
			shellPath = /bin/sh;
			shellScript = "/usr/local/bin/carthage copy-frameworks";
		};
/* End PBXShellScriptBuildPhase section */

/* Begin PBXSourcesBuildPhase section */
		479315D11EC5FDED00845C6C /* Sources */ = {
			isa = PBXSourcesBuildPhase;
			buildActionMask = 2147483647;
			files = (
				4351A3E01ED431B900B18D9B /* ShopDetailViewModel.swift in Sources */,
				470551301EC751ED0016E366 /* Commons.swift in Sources */,
				474E74741F499DEB006031AF /* DayRowView.swift in Sources */,
				470551241EC6F9690016E366 /* CalendarViewController.swift in Sources */,
				470551261EC704170016E366 /* CalendarEvent.swift in Sources */,
				4721F2FD1EC8A7F700E2CEE4 /* CalendarEventsManager.swift in Sources */,
				474E74701F499A25006031AF /* DayCellView.swift in Sources */,
				47FBD21B1F2E69760033B7F3 /* SocialButtonBackground.swift in Sources */,
				470F48B31F45CBFC00C084F3 /* TopShopCollectionViewCell.swift in Sources */,
				474E74761F49AD92006031AF /* NewCalendarViewController.swift in Sources */,
				47CF167E1ED5ED60008D3E3F /* ShopInfoViewController.swift in Sources */,
				4705512A1EC7067A0016E366 /* DayCollectionViewCell.swift in Sources */,
				4733FBAD1EE89FDA00EE7E55 /* ShadowView.swift in Sources */,
				430026571EEEAE5700A5B0B8 /* CalendarFooterCollectionReusableView.swift in Sources */,
				47CF16801ED5ED72008D3E3F /* ShopNotificationsViewController.swift in Sources */,
				47C9422C1EC65B9800B3F617 /* IconImage.swift in Sources */,
				4352956C1ECB0D8F0017FB9E /* EventDetailViewController.swift in Sources */,
				47CF16841ED5F9E8008D3E3F /* ShopNotification.swift in Sources */,
				4717D07B1F1BAEEA00D24539 /* NewsTitleTableViewCell.swift in Sources */,
				4705512C1EC717E70016E366 /* NewsStub.swift in Sources */,
				47E889B51F30BC52009A9B8F /* TitleSectionView.swift in Sources */,
				432C1AF91EEFCC850043FA36 /* EventOrganizer.swift in Sources */,
				479315D91EC5FDED00845C6C /* AppDelegate.swift in Sources */,
				47416A101ED74AE100497A09 /* MapViewController.swift in Sources */,
				471D89EC1EED768F0003D1E5 /* WeatherView.swift in Sources */,
				47CBCE0D1F2364CD004E752F /* MonthHeaderCollectionReusableView.swift in Sources */,
				4364A8171F260E4C0005607C /* EventsContainerCollectionViewCell.swift in Sources */,
				4705512E1EC74BDA0016E366 /* Day.swift in Sources */,
				430D88561F288525008F3E7C /* CalendarEventSection.swift in Sources */,
				473EE0191ED057CC006AAC71 /* ShopDetailViewController.swift in Sources */,
				4717D07D1F1BE21D00D24539 /* NewsProvider.swift in Sources */,
				4352956E1ECB14710017FB9E /* Colors.swift in Sources */,
				437CA31F1ECF237C001EE22C /* KeyboardViewController.swift in Sources */,
				47A9C8B51EC890E300CA173E /* MonthDaysGenerator.swift in Sources */,
				479FFBA31ECE40E100BA8106 /* ShopListViewModel.swift in Sources */,
				471DACDE1ED233250090C6CD /* PromotedShopCollectionViewCell.swift in Sources */,
				470551281EC704950016E366 /* CalendarViewModel.swift in Sources */,
				47A9C8AF1EC87F6800CA173E /* CalendarEventStub.swift in Sources */,
				439DF4E11ED6DBA10089F00B /* ShopPhotoCollectionViewCell.swift in Sources */,
				43F0A9E71EFABD640029922E /* ShopSearchViewModel.swift in Sources */,
				479FFBA91ECE443E00BA8106 /* ShopCollectionViewCell.swift in Sources */,
				473F514A1ED9991F00008FAC /* Address.swift in Sources */,
				471D89EE1EED76AE0003D1E5 /* WeatherColors.swift in Sources */,
				47CF16881ED5FBD3008D3E3F /* ShopNotificationsStub.swift in Sources */,
				479316181EC605C400845C6C /* NewsViewModel.swift in Sources */,
				435295711ECB311C0017FB9E /* CustomAnnotation.swift in Sources */,
				43F0A9E51EFABD440029922E /* ShopSearchViewController.swift in Sources */,
				4793161E1EC6080F00845C6C /* NewsTableViewCell.swift in Sources */,
				47E889B01F30A72F009A9B8F /* TextSectionView.swift in Sources */,
				47CF16821ED5F9B9008D3E3F /* NotificationTableViewCell.swift in Sources */,
				479FFBA51ECE415000BA8106 /* Shop.swift in Sources */,
				475CD2C01EDB035C006EAA4B /* CustomButton.swift in Sources */,
				4717D0791F1BA63D00D24539 /* CorneredImageView.swift in Sources */,
				470F48B51F45D57C00C084F3 /* ShopsViewController.swift in Sources */,
				479FFBA71ECE425600BA8106 /* ShopStub.swift in Sources */,
				4717D0801F1BE26000D24539 /* NewsSection.swift in Sources */,
				471D89F01EED7ACA0003D1E5 /* Weather.swift in Sources */,
				47A9C8B71EC898B700CA173E /* EventCollectionViewCell.swift in Sources */,
				47CF16861ED5FB7D008D3E3F /* ShopNotificationsViewModel.swift in Sources */,
				47C9422A1EC65B8400B3F617 /* CustomView.swift in Sources */,
				47594F3F1EFE7258000B122F /* ArrayParser.swift in Sources */,
				4793161A1EC605E000845C6C /* News.swift in Sources */,
				47E889B81F30C892009A9B8F /* SocialBarView.swift in Sources */,
				47A4A41F1ED35656007D01DF /* SectionHeaderCollectionReusableView.swift in Sources */,
				471335FD1EF3205C00A51635 /* NotificationHeaderTableViewCell.swift in Sources */,
				479316071EC5FE2800845C6C /* NewsViewController.swift in Sources */,
				479FFBA11ECE407300BA8106 /* ShopListViewController.swift in Sources */,
				47BEE62F1F45915C00D4B947 /* ImageDisplayViewController.swift in Sources */,
				478846691EED5A7E0027E12E /* CardView.swift in Sources */,
				47A9C8B11EC8827B00CA173E /* CalendarModelType.swift in Sources */,
			);
			runOnlyForDeploymentPostprocessing = 0;
		};
		479315E51EC5FDED00845C6C /* Sources */ = {
			isa = PBXSourcesBuildPhase;
			buildActionMask = 2147483647;
			files = (
				479315EE1EC5FDED00845C6C /* BergaAppTests.swift in Sources */,
			);
			runOnlyForDeploymentPostprocessing = 0;
		};
		479315F01EC5FDED00845C6C /* Sources */ = {
			isa = PBXSourcesBuildPhase;
			buildActionMask = 2147483647;
			files = (
				479315F91EC5FDED00845C6C /* BergaAppUITests.swift in Sources */,
			);
			runOnlyForDeploymentPostprocessing = 0;
		};
/* End PBXSourcesBuildPhase section */

/* Begin PBXTargetDependency section */
		479315EB1EC5FDED00845C6C /* PBXTargetDependency */ = {
			isa = PBXTargetDependency;
			target = 479315D41EC5FDED00845C6C /* BergaApp */;
			targetProxy = 479315EA1EC5FDED00845C6C /* PBXContainerItemProxy */;
		};
		479315F61EC5FDED00845C6C /* PBXTargetDependency */ = {
			isa = PBXTargetDependency;
			target = 479315D41EC5FDED00845C6C /* BergaApp */;
			targetProxy = 479315F51EC5FDED00845C6C /* PBXContainerItemProxy */;
		};
/* End PBXTargetDependency section */

/* Begin PBXVariantGroup section */
		479315DC1EC5FDED00845C6C /* Main.storyboard */ = {
			isa = PBXVariantGroup;
			children = (
				479315DD1EC5FDED00845C6C /* Base */,
			);
			name = Main.storyboard;
			sourceTree = "<group>";
		};
		479315E11EC5FDED00845C6C /* LaunchScreen.storyboard */ = {
			isa = PBXVariantGroup;
			children = (
				479315E21EC5FDED00845C6C /* Base */,
			);
			name = LaunchScreen.storyboard;
			sourceTree = "<group>";
		};
/* End PBXVariantGroup section */

/* Begin XCBuildConfiguration section */
		479315FB1EC5FDED00845C6C /* Debug */ = {
			isa = XCBuildConfiguration;
			buildSettings = {
				ALWAYS_SEARCH_USER_PATHS = NO;
				CLANG_ANALYZER_NONNULL = YES;
				CLANG_ANALYZER_NUMBER_OBJECT_CONVERSION = YES_AGGRESSIVE;
				CLANG_CXX_LANGUAGE_STANDARD = "gnu++0x";
				CLANG_CXX_LIBRARY = "libc++";
				CLANG_ENABLE_MODULES = YES;
				CLANG_ENABLE_OBJC_ARC = YES;
				CLANG_WARN_BOOL_CONVERSION = YES;
				CLANG_WARN_CONSTANT_CONVERSION = YES;
				CLANG_WARN_DIRECT_OBJC_ISA_USAGE = YES_ERROR;
				CLANG_WARN_DOCUMENTATION_COMMENTS = YES;
				CLANG_WARN_EMPTY_BODY = YES;
				CLANG_WARN_ENUM_CONVERSION = YES;
				CLANG_WARN_INFINITE_RECURSION = YES;
				CLANG_WARN_INT_CONVERSION = YES;
				CLANG_WARN_OBJC_ROOT_CLASS = YES_ERROR;
				CLANG_WARN_SUSPICIOUS_MOVE = YES;
				CLANG_WARN_UNREACHABLE_CODE = YES;
				CLANG_WARN__DUPLICATE_METHOD_MATCH = YES;
				"CODE_SIGN_IDENTITY[sdk=iphoneos*]" = "iPhone Developer";
				COPY_PHASE_STRIP = NO;
				DEBUG_INFORMATION_FORMAT = dwarf;
				ENABLE_STRICT_OBJC_MSGSEND = YES;
				ENABLE_TESTABILITY = YES;
				GCC_C_LANGUAGE_STANDARD = gnu99;
				GCC_DYNAMIC_NO_PIC = NO;
				GCC_NO_COMMON_BLOCKS = YES;
				GCC_OPTIMIZATION_LEVEL = 0;
				GCC_PREPROCESSOR_DEFINITIONS = (
					"DEBUG=1",
					"$(inherited)",
				);
				GCC_WARN_64_TO_32_BIT_CONVERSION = YES;
				GCC_WARN_ABOUT_RETURN_TYPE = YES_ERROR;
				GCC_WARN_UNDECLARED_SELECTOR = YES;
				GCC_WARN_UNINITIALIZED_AUTOS = YES_AGGRESSIVE;
				GCC_WARN_UNUSED_FUNCTION = YES;
				GCC_WARN_UNUSED_VARIABLE = YES;
				IPHONEOS_DEPLOYMENT_TARGET = 10.3;
				MTL_ENABLE_DEBUG_INFO = YES;
				ONLY_ACTIVE_ARCH = YES;
				SDKROOT = iphoneos;
				SWIFT_ACTIVE_COMPILATION_CONDITIONS = DEBUG;
				SWIFT_OPTIMIZATION_LEVEL = "-Onone";
				TARGETED_DEVICE_FAMILY = "1,2";
			};
			name = Debug;
		};
		479315FC1EC5FDED00845C6C /* Release */ = {
			isa = XCBuildConfiguration;
			buildSettings = {
				ALWAYS_SEARCH_USER_PATHS = NO;
				CLANG_ANALYZER_NONNULL = YES;
				CLANG_ANALYZER_NUMBER_OBJECT_CONVERSION = YES_AGGRESSIVE;
				CLANG_CXX_LANGUAGE_STANDARD = "gnu++0x";
				CLANG_CXX_LIBRARY = "libc++";
				CLANG_ENABLE_MODULES = YES;
				CLANG_ENABLE_OBJC_ARC = YES;
				CLANG_WARN_BOOL_CONVERSION = YES;
				CLANG_WARN_CONSTANT_CONVERSION = YES;
				CLANG_WARN_DIRECT_OBJC_ISA_USAGE = YES_ERROR;
				CLANG_WARN_DOCUMENTATION_COMMENTS = YES;
				CLANG_WARN_EMPTY_BODY = YES;
				CLANG_WARN_ENUM_CONVERSION = YES;
				CLANG_WARN_INFINITE_RECURSION = YES;
				CLANG_WARN_INT_CONVERSION = YES;
				CLANG_WARN_OBJC_ROOT_CLASS = YES_ERROR;
				CLANG_WARN_SUSPICIOUS_MOVE = YES;
				CLANG_WARN_UNREACHABLE_CODE = YES;
				CLANG_WARN__DUPLICATE_METHOD_MATCH = YES;
				"CODE_SIGN_IDENTITY[sdk=iphoneos*]" = "iPhone Developer";
				COPY_PHASE_STRIP = NO;
				DEBUG_INFORMATION_FORMAT = "dwarf-with-dsym";
				ENABLE_NS_ASSERTIONS = NO;
				ENABLE_STRICT_OBJC_MSGSEND = YES;
				GCC_C_LANGUAGE_STANDARD = gnu99;
				GCC_NO_COMMON_BLOCKS = YES;
				GCC_WARN_64_TO_32_BIT_CONVERSION = YES;
				GCC_WARN_ABOUT_RETURN_TYPE = YES_ERROR;
				GCC_WARN_UNDECLARED_SELECTOR = YES;
				GCC_WARN_UNINITIALIZED_AUTOS = YES_AGGRESSIVE;
				GCC_WARN_UNUSED_FUNCTION = YES;
				GCC_WARN_UNUSED_VARIABLE = YES;
				IPHONEOS_DEPLOYMENT_TARGET = 10.3;
				MTL_ENABLE_DEBUG_INFO = NO;
				SDKROOT = iphoneos;
				SWIFT_OPTIMIZATION_LEVEL = "-Owholemodule";
				TARGETED_DEVICE_FAMILY = "1,2";
				VALIDATE_PRODUCT = YES;
			};
			name = Release;
		};
		479315FE1EC5FDED00845C6C /* Debug */ = {
			isa = XCBuildConfiguration;
			buildSettings = {
				ASSETCATALOG_COMPILER_APPICON_NAME = AppIcon;
				DEVELOPMENT_TEAM = DHMTBABACN;
				FRAMEWORK_SEARCH_PATHS = (
					"$(inherited)",
					"$(PROJECT_DIR)/Carthage/Build/iOS",
				);
				INFOPLIST_FILE = BergaApp/Info.plist;
				IPHONEOS_DEPLOYMENT_TARGET = 9.0;
				LD_RUNPATH_SEARCH_PATHS = "$(inherited) @executable_path/Frameworks";
				PRODUCT_BUNDLE_IDENTIFIER = com.bergaapp.BergaApp;
				PRODUCT_NAME = "$(TARGET_NAME)";
				SWIFT_VERSION = 3.0;
				TARGETED_DEVICE_FAMILY = 1;
			};
			name = Debug;
		};
		479315FF1EC5FDED00845C6C /* Release */ = {
			isa = XCBuildConfiguration;
			buildSettings = {
				ASSETCATALOG_COMPILER_APPICON_NAME = AppIcon;
				DEVELOPMENT_TEAM = DHMTBABACN;
				FRAMEWORK_SEARCH_PATHS = (
					"$(inherited)",
					"$(PROJECT_DIR)/Carthage/Build/iOS",
				);
				INFOPLIST_FILE = BergaApp/Info.plist;
				IPHONEOS_DEPLOYMENT_TARGET = 9.0;
				LD_RUNPATH_SEARCH_PATHS = "$(inherited) @executable_path/Frameworks";
				PRODUCT_BUNDLE_IDENTIFIER = com.bergaapp.BergaApp;
				PRODUCT_NAME = "$(TARGET_NAME)";
				SWIFT_VERSION = 3.0;
				TARGETED_DEVICE_FAMILY = 1;
			};
			name = Release;
		};
		479316011EC5FDED00845C6C /* Debug */ = {
			isa = XCBuildConfiguration;
			buildSettings = {
				ALWAYS_EMBED_SWIFT_STANDARD_LIBRARIES = YES;
				BUNDLE_LOADER = "$(TEST_HOST)";
				INFOPLIST_FILE = BergaAppTests/Info.plist;
				LD_RUNPATH_SEARCH_PATHS = "$(inherited) @executable_path/Frameworks @loader_path/Frameworks";
				PRODUCT_BUNDLE_IDENTIFIER = com.bergaapp.BergaAppTests;
				PRODUCT_NAME = "$(TARGET_NAME)";
				SWIFT_VERSION = 3.0;
				TEST_HOST = "$(BUILT_PRODUCTS_DIR)/BergaApp.app/BergaApp";
			};
			name = Debug;
		};
		479316021EC5FDED00845C6C /* Release */ = {
			isa = XCBuildConfiguration;
			buildSettings = {
				ALWAYS_EMBED_SWIFT_STANDARD_LIBRARIES = YES;
				BUNDLE_LOADER = "$(TEST_HOST)";
				INFOPLIST_FILE = BergaAppTests/Info.plist;
				LD_RUNPATH_SEARCH_PATHS = "$(inherited) @executable_path/Frameworks @loader_path/Frameworks";
				PRODUCT_BUNDLE_IDENTIFIER = com.bergaapp.BergaAppTests;
				PRODUCT_NAME = "$(TARGET_NAME)";
				SWIFT_VERSION = 3.0;
				TEST_HOST = "$(BUILT_PRODUCTS_DIR)/BergaApp.app/BergaApp";
			};
			name = Release;
		};
		479316041EC5FDED00845C6C /* Debug */ = {
			isa = XCBuildConfiguration;
			buildSettings = {
				ALWAYS_EMBED_SWIFT_STANDARD_LIBRARIES = YES;
				INFOPLIST_FILE = BergaAppUITests/Info.plist;
				LD_RUNPATH_SEARCH_PATHS = "$(inherited) @executable_path/Frameworks @loader_path/Frameworks";
				PRODUCT_BUNDLE_IDENTIFIER = com.bergaapp.BergaAppUITests;
				PRODUCT_NAME = "$(TARGET_NAME)";
				SWIFT_VERSION = 3.0;
				TEST_TARGET_NAME = BergaApp;
			};
			name = Debug;
		};
		479316051EC5FDED00845C6C /* Release */ = {
			isa = XCBuildConfiguration;
			buildSettings = {
				ALWAYS_EMBED_SWIFT_STANDARD_LIBRARIES = YES;
				INFOPLIST_FILE = BergaAppUITests/Info.plist;
				LD_RUNPATH_SEARCH_PATHS = "$(inherited) @executable_path/Frameworks @loader_path/Frameworks";
				PRODUCT_BUNDLE_IDENTIFIER = com.bergaapp.BergaAppUITests;
				PRODUCT_NAME = "$(TARGET_NAME)";
				SWIFT_VERSION = 3.0;
				TEST_TARGET_NAME = BergaApp;
			};
			name = Release;
		};
/* End XCBuildConfiguration section */

/* Begin XCConfigurationList section */
		479315D01EC5FDED00845C6C /* Build configuration list for PBXProject "BergaApp" */ = {
			isa = XCConfigurationList;
			buildConfigurations = (
				479315FB1EC5FDED00845C6C /* Debug */,
				479315FC1EC5FDED00845C6C /* Release */,
			);
			defaultConfigurationIsVisible = 0;
			defaultConfigurationName = Release;
		};
		479315FD1EC5FDED00845C6C /* Build configuration list for PBXNativeTarget "BergaApp" */ = {
			isa = XCConfigurationList;
			buildConfigurations = (
				479315FE1EC5FDED00845C6C /* Debug */,
				479315FF1EC5FDED00845C6C /* Release */,
			);
			defaultConfigurationIsVisible = 0;
			defaultConfigurationName = Release;
		};
		479316001EC5FDED00845C6C /* Build configuration list for PBXNativeTarget "BergaAppTests" */ = {
			isa = XCConfigurationList;
			buildConfigurations = (
				479316011EC5FDED00845C6C /* Debug */,
				479316021EC5FDED00845C6C /* Release */,
			);
			defaultConfigurationIsVisible = 0;
			defaultConfigurationName = Release;
		};
		479316031EC5FDED00845C6C /* Build configuration list for PBXNativeTarget "BergaAppUITests" */ = {
			isa = XCConfigurationList;
			buildConfigurations = (
				479316041EC5FDED00845C6C /* Debug */,
				479316051EC5FDED00845C6C /* Release */,
			);
			defaultConfigurationIsVisible = 0;
			defaultConfigurationName = Release;
		};
/* End XCConfigurationList section */
	};
	rootObject = 479315CD1EC5FDED00845C6C /* Project object */;
}
